
Microsoft Visual Studio Solution File, Format Version 12.00
# Visual Studio 14
VisualStudioVersion = 14.0.24720.0
MinimumVisualStudioVersion = 10.0.40219.1
Project("{FAE04EC0-301F-11D3-BF4B-00C04F79EFBC}") = "Client", "Client\Client.csproj", "{C15F49F3-7241-44A3-90FC-9627EE5EE7AB}"
EndProject
Project("{FAE04EC0-301F-11D3-BF4B-00C04F79EFBC}") = "DAL", "DAL\DAL.csproj", "{2D497A5C-88C1-4817-B2A5-66C49BE6ED12}"
EndProject
Project("{FAE04EC0-301F-11D3-BF4B-00C04F79EFBC}") = "Core", "Core\Core.csproj", "{33DA8B81-CA86-46AD-9195-3E35C0349F41}"
EndProject
Project("{FAE04EC0-301F-11D3-BF4B-00C04F79EFBC}") = "BLL", "BLL\BLL.csproj", "{DA1ED063-4E39-48FC-BC33-654F97770E82}"
EndProject
Global
	GlobalSection(SolutionConfigurationPlatforms) = preSolution
		Debug|Any CPU = Debug|Any CPU
		Release|Any CPU = Release|Any CPU
	EndGlobalSection
	GlobalSection(ProjectConfigurationPlatforms) = postSolution
		{C15F49F3-7241-44A3-90FC-9627EE5EE7AB}.Debug|Any CPU.ActiveCfg = Debug|Any CPU
		{C15F49F3-7241-44A3-90FC-9627EE5EE7AB}.Debug|Any CPU.Build.0 = Debug|Any CPU
		{C15F49F3-7241-44A3-90FC-9627EE5EE7AB}.Release|Any CPU.ActiveCfg = Release|Any CPU
		{C15F49F3-7241-44A3-90FC-9627EE5EE7AB}.Release|Any CPU.Build.0 = Release|Any CPU
		{2D497A5C-88C1-4817-B2A5-66C49BE6ED12}.Debug|Any CPU.ActiveCfg = Debug|Any CPU
		{2D497A5C-88C1-4817-B2A5-66C49BE6ED12}.Debug|Any CPU.Build.0 = Debug|Any CPU
		{2D497A5C-88C1-4817-B2A5-66C49BE6ED12}.Release|Any CPU.ActiveCfg = Release|Any CPU
		{2D497A5C-88C1-4817-B2A5-66C49BE6ED12}.Release|Any CPU.Build.0 = Release|Any CPU
		{33DA8B81-CA86-46AD-9195-3E35C0349F41}.Debug|Any CPU.ActiveCfg = Debug|Any CPU
		{33DA8B81-CA86-46AD-9195-3E35C0349F41}.Debug|Any CPU.Build.0 = Debug|Any CPU
		{33DA8B81-CA86-46AD-9195-3E35C0349F41}.Release|Any CPU.ActiveCfg = Release|Any CPU
		{33DA8B81-CA86-46AD-9195-3E35C0349F41}.Release|Any CPU.Build.0 = Release|Any CPU
		{DA1ED063-4E39-48FC-BC33-654F97770E82}.Debug|Any CPU.ActiveCfg = Debug|Any CPU
		{DA1ED063-4E39-48FC-BC33-654F97770E82}.Debug|Any CPU.Build.0 = Debug|Any CPU
		{DA1ED063-4E39-48FC-BC33-654F97770E82}.Release|Any CPU.ActiveCfg = Release|Any CPU
		{DA1ED063-4E39-48FC-BC33-654F97770E82}.Release|Any CPU.Build.0 = Release|Any CPU
	EndGlobalSection
	GlobalSection(SolutionProperties) = preSolution
		HideSolutionNode = FALSE
	EndGlobalSection
EndGlobal
